
Microsoft Visual Studio Solution File, Format Version 12.00
# Visual Studio Version 16
VisualStudioVersion = 16.0.30413.136
MinimumVisualStudioVersion = 10.0.40219.1
Project("{FAE04EC0-301F-11D3-BF4B-00C04F79EFBC}") = "WebApp", "WebApp\WebApp.csproj", "{DA7913E5-8927-40BE-B9FB-052AF02E4A16}"
EndProject
Project("{FAE04EC0-301F-11D3-BF4B-00C04F79EFBC}") = "ChinookSystem", "ChinookSystem\ChinookSystem.csproj", "{9F3D42D1-552F-4837-A4B3-34631143FC1C}"
EndProject
Global
	GlobalSection(SolutionConfigurationPlatforms) = preSolution
		Debug|Any CPU = Debug|Any CPU
		Release|Any CPU = Release|Any CPU
	EndGlobalSection
	GlobalSection(ProjectConfigurationPlatforms) = postSolution
		{DA7913E5-8927-40BE-B9FB-052AF02E4A16}.Debug|Any CPU.ActiveCfg = Debug|Any CPU
		{DA7913E5-8927-40BE-B9FB-052AF02E4A16}.Debug|Any CPU.Build.0 = Debug|Any CPU
		{DA7913E5-8927-40BE-B9FB-052AF02E4A16}.Release|Any CPU.ActiveCfg = Release|Any CPU
		{DA7913E5-8927-40BE-B9FB-052AF02E4A16}.Release|Any CPU.Build.0 = Release|Any CPU
		{9F3D42D1-552F-4837-A4B3-34631143FC1C}.Debug|Any CPU.ActiveCfg = Debug|Any CPU
		{9F3D42D1-552F-4837-A4B3-34631143FC1C}.Debug|Any CPU.Build.0 = Debug|Any CPU
		{9F3D42D1-552F-4837-A4B3-34631143FC1C}.Release|Any CPU.ActiveCfg = Release|Any CPU
		{9F3D42D1-552F-4837-A4B3-34631143FC1C}.Release|Any CPU.Build.0 = Release|Any CPU
	EndGlobalSection
	GlobalSection(SolutionProperties) = preSolution
		HideSolutionNode = FALSE
	EndGlobalSection
	GlobalSection(ExtensibilityGlobals) = postSolution
		SolutionGuid = {FCE96035-D429-4368-891C-72E48A79B964}
	EndGlobalSection
EndGlobal
